
Microsoft Visual Studio Solution File, Format Version 12.00
# Visual Studio 15
VisualStudioVersion = 15.0.27130.0
MinimumVisualStudioVersion = 10.0.40219.1
Project("{9A19103F-16F7-4668-BE54-9A1E7A4F7556}") = "InPerformance", "InPerformance.csproj", "{CED0A387-E40E-4682-9B0A-E57AD65B3EB6}"
EndProject
Global
	GlobalSection(SolutionConfigurationPlatforms) = preSolution
		Debug|Any CPU = Debug|Any CPU
		Release|Any CPU = Release|Any CPU
	EndGlobalSection
	GlobalSection(ProjectConfigurationPlatforms) = postSolution
		{CED0A387-E40E-4682-9B0A-E57AD65B3EB6}.Debug|Any CPU.ActiveCfg = Debug|Any CPU
		{CED0A387-E40E-4682-9B0A-E57AD65B3EB6}.Debug|Any CPU.Build.0 = Debug|Any CPU
		{CED0A387-E40E-4682-9B0A-E57AD65B3EB6}.Release|Any CPU.ActiveCfg = Release|Any CPU
		{CED0A387-E40E-4682-9B0A-E57AD65B3EB6}.Release|Any CPU.Build.0 = Release|Any CPU
	EndGlobalSection
	GlobalSection(SolutionProperties) = preSolution
		HideSolutionNode = FALSE
	EndGlobalSection
	GlobalSection(ExtensibilityGlobals) = postSolution
		SolutionGuid = {7360EFC6-ED95-46F5-98A9-8EAAF72520DF}
	EndGlobalSection
EndGlobal
